
Microsoft Visual Studio Solution File, Format Version 12.00
# Visual Studio Version 17
VisualStudioVersion = 17.6.33829.357
MinimumVisualStudioVersion = 10.0.40219.1
Project("{FAE04EC0-301F-11D3-BF4B-00C04F79EFBC}") = "Procon123", "Procon123\Procon123.csproj", "{1BBE734E-1EDC-4024-903E-5CB932A6FAF0}"
EndProject
Global
	GlobalSection(SolutionConfigurationPlatforms) = preSolution
		Debug|Any CPU = Debug|Any CPU
		Release|Any CPU = Release|Any CPU
	EndGlobalSection
	GlobalSection(ProjectConfigurationPlatforms) = postSolution
		{1BBE734E-1EDC-4024-903E-5CB932A6FAF0}.Debug|Any CPU.ActiveCfg = Debug|Any CPU
		{1BBE734E-1EDC-4024-903E-5CB932A6FAF0}.Debug|Any CPU.Build.0 = Debug|Any CPU
		{1BBE734E-1EDC-4024-903E-5CB932A6FAF0}.Release|Any CPU.ActiveCfg = Release|Any CPU
		{1BBE734E-1EDC-4024-903E-5CB932A6FAF0}.Release|Any CPU.Build.0 = Release|Any CPU
	EndGlobalSection
	GlobalSection(SolutionProperties) = preSolution
		HideSolutionNode = FALSE
	EndGlobalSection
	GlobalSection(ExtensibilityGlobals) = postSolution
		SolutionGuid = {F8910EE2-13AF-4312-875A-88193DACB10C}
	EndGlobalSection
EndGlobal
